schema: '2.0'
stages:
  data_ingestion:
    cmd: python src/data_ingestion.py
    deps:
    - path: src/data_ingestion.py
      hash: md5
      md5: 69a5ce7bd2b17fb20fce4e1dc2edc4e9
      size: 3646
    params:
      params.yaml:
        data_ingestion.test_size: 0.1
    outs:
    - path: data/raw
      hash: md5
      md5: 9097e041a34df9054caed15688df1464.dir
      size: 484846
      nfiles: 2
  data_preprocessing:
    cmd: python src/data_preprocessing.py
    deps:
    - path: data/raw
      hash: md5
      md5: 9097e041a34df9054caed15688df1464.dir
      size: 484846
      nfiles: 2
    - path: src/data_preprocessing.py
      hash: md5
      md5: dd4684e3bafcd01ff0e0cb79bfac098f
      size: 3874
    outs:
    - path: data/interim
      hash: md5
      md5: 372e18bfa771372d41b683bc64b32377.dir
      size: 257605
      nfiles: 2
  feature_engineering:
    cmd: python src/feature_engineering.py
    deps:
    - path: data/interim
      hash: md5
      md5: 372e18bfa771372d41b683bc64b32377.dir
      size: 257605
      nfiles: 2
    - path: src/feature_engineering.py
      hash: md5
      md5: ff0306dcb35dadd7d6d057da511a304c
      size: 3825
    params:
      params.yaml:
        feature_engineering.max_features: 40
    outs:
    - path: data/processed
      hash: md5
      md5: 5bad2b8ee87c9b37022ee05172376589.dir
      size: 944591
      nfiles: 2
  model_building:
    cmd: python src/model_building.py
    deps:
    - path: data/processed
      hash: md5
      md5: 5bad2b8ee87c9b37022ee05172376589.dir
      size: 944591
      nfiles: 2
    - path: src/model_building.py
      hash: md5
      md5: b28653c6c8fa7c98416fe372b3a2eba4
      size: 4444
    params:
      params.yaml:
        model_building.n_estimators: 25
        model_building.random_state: 2
    outs:
    - path: models/model.pkl
      hash: md5
      md5: 3c7a46f6df8c5dfaee6437bad2d36547
      size: 900233
  model_evaluation:
    cmd: python src/model_evaluation.py
    deps:
    - path: models/model.pkl
      hash: md5
      md5: 3c7a46f6df8c5dfaee6437bad2d36547
      size: 900233
    - path: src/model_evaluation.py
      hash: md5
      md5: e4d1bd74e89325063a5debe9b3d0842b
      size: 4601
    outs:
    - path: reports/metrics.json
      hash: md5
      md5: 7d118530a1a0595466ec48dd1b8b2250
      size: 144
